
Microsoft Visual Studio Solution File, Format Version 12.00
# Visual Studio Version 17
VisualStudioVersion = 17.7.33913.275
MinimumVisualStudioVersion = 10.0.40219.1
Project("{FAE04EC0-301F-11D3-BF4B-00C04F79EFBC}") = "WalletPass", "WalletPass\WalletPass.csproj", "{5C3DD5A5-3EA8-493F-8170-B0B91EAE93A7}"
EndProject
Project("{FAE04EC0-301F-11D3-BF4B-00C04F79EFBC}") = "Microsoft.WindowsAzure.Messaging", "Microsoft.WindowsAzure.Messaging\Microsoft.WindowsAzure.Messaging.csproj", "{8A57A875-EB98-4833-834F-EF56F939B930}"
EndProject
Project("{FAE04EC0-301F-11D3-BF4B-00C04F79EFBC}") = "Microsoft.Phone.Controls.Toolkit", "Microsoft.Phone.Controls.Toolkit\Microsoft.Phone.Controls.Toolkit.csproj", "{CEB0EF2E-5997-49E1-8B92-44C951A12235}"
EndProject
Project("{FAE04EC0-301F-11D3-BF4B-00C04F79EFBC}") = "ClassesRT", "ClassesRT\ClassesRT.csproj", "{101F7477-9128-4632-8826-7853985AD25A}"
EndProject
Project("{FAE04EC0-301F-11D3-BF4B-00C04F79EFBC}") = "BackgroundTask", "BackgroundTask\BackgroundTask.csproj", "{D919ED66-801C-404C-8AFA-7B17251DB22F}"
EndProject
Project("{FAE04EC0-301F-11D3-BF4B-00C04F79EFBC}") = "HereLauncher", "HereLauncher\HereLauncher.csproj", "{BD440DED-350B-4346-947F-FF6758E668A9}"
EndProject
Project("{FAE04EC0-301F-11D3-BF4B-00C04F79EFBC}") = "Coding4Fun.Toolkit", "Coding4Fun.Toolkit\Coding4Fun.Toolkit.csproj", "{49B62D40-064E-48E5-B547-A5AD1926F412}"
EndProject
Project("{FAE04EC0-301F-11D3-BF4B-00C04F79EFBC}") = "Coding4Fun.Toolkit.Controls", "Coding4Fun.Toolkit.Controls\Coding4Fun.Toolkit.Controls.csproj", "{A26CFB16-D7C3-4FB3-9671-F9017B2C54DA}"
EndProject
Project("{FAE04EC0-301F-11D3-BF4B-00C04F79EFBC}") = "WPControls", "WPControls\WPControls.csproj", "{0E2BCF5B-B86E-46E9-9860-98009E549D0A}"
EndProject
Project("{FAE04EC0-301F-11D3-BF4B-00C04F79EFBC}") = "WriteableBitmapEx.WinRT", "WriteableBitmapEx.WinRT\WriteableBitmapEx.WinRT.csproj", "{B2885691-739C-41F5-A678-20EC5576C300}"
EndProject
Project("{FAE04EC0-301F-11D3-BF4B-00C04F79EFBC}") = "WriteableBitmapExWinPhone", "WriteableBitmapExWinPhone\WriteableBitmapExWinPhone.csproj", "{073CDF95-0F48-474B-8A77-F8BD172125E6}"
EndProject
Project("{FAE04EC0-301F-11D3-BF4B-00C04F79EFBC}") = "WriteableBitmapExWinPhoneXnaDependant", "WriteableBitmapExWinPhoneXnaDependant\WriteableBitmapExWinPhoneXnaDependant.csproj", "{366C8BC7-B3EC-4FF0-AB4A-22A02D415DFB}"
EndProject
Project("{FAE04EC0-301F-11D3-BF4B-00C04F79EFBC}") = "ZXing", "ZXing\ZXing.csproj", "{A3A484FE-C519-41CF-8F3A-DF40159CDF88}"
EndProject
Project("{FAE04EC0-301F-11D3-BF4B-00C04F79EFBC}") = "ZXing.wp", "ZXing.wp\ZXing.wp.csproj", "{D08445AE-1187-4BC0-9A17-278C78A6DA25}"
EndProject
Project("{FAE04EC0-301F-11D3-BF4B-00C04F79EFBC}") = "WindowsPhone.MVVM.Tombstone", "WindowsPhone.MVVM.Tombstone\WindowsPhone.MVVM.Tombstone.csproj", "{1F967166-E134-4CDC-B917-57FF5B26175D}"
EndProject
Global
	GlobalSection(SolutionConfigurationPlatforms) = preSolution
		Debug|Any CPU = Debug|Any CPU
		Debug|ARM = Debug|ARM
		Debug|ARM64 = Debug|ARM64
		Debug|x64 = Debug|x64
		Debug|x86 = Debug|x86
		Release|Any CPU = Release|Any CPU
		Release|ARM = Release|ARM
		Release|ARM64 = Release|ARM64
		Release|x64 = Release|x64
		Release|x86 = Release|x86
	EndGlobalSection
	GlobalSection(ProjectConfigurationPlatforms) = postSolution
		{5C3DD5A5-3EA8-493F-8170-B0B91EAE93A7}.Debug|Any CPU.ActiveCfg = Debug|x64
		{5C3DD5A5-3EA8-493F-8170-B0B91EAE93A7}.Debug|Any CPU.Build.0 = Debug|x64
		{5C3DD5A5-3EA8-493F-8170-B0B91EAE93A7}.Debug|Any CPU.Deploy.0 = Debug|x64
		{5C3DD5A5-3EA8-493F-8170-B0B91EAE93A7}.Debug|ARM.ActiveCfg = Debug|ARM
		{5C3DD5A5-3EA8-493F-8170-B0B91EAE93A7}.Debug|ARM.Build.0 = Debug|ARM
		{5C3DD5A5-3EA8-493F-8170-B0B91EAE93A7}.Debug|ARM.Deploy.0 = Debug|ARM
		{5C3DD5A5-3EA8-493F-8170-B0B91EAE93A7}.Debug|ARM64.ActiveCfg = Debug|ARM64
		{5C3DD5A5-3EA8-493F-8170-B0B91EAE93A7}.Debug|ARM64.Build.0 = Debug|ARM64
		{5C3DD5A5-3EA8-493F-8170-B0B91EAE93A7}.Debug|ARM64.Deploy.0 = Debug|ARM64
		{5C3DD5A5-3EA8-493F-8170-B0B91EAE93A7}.Debug|x64.ActiveCfg = Debug|x64
		{5C3DD5A5-3EA8-493F-8170-B0B91EAE93A7}.Debug|x64.Build.0 = Debug|x64
		{5C3DD5A5-3EA8-493F-8170-B0B91EAE93A7}.Debug|x64.Deploy.0 = Debug|x64
		{5C3DD5A5-3EA8-493F-8170-B0B91EAE93A7}.Debug|x86.ActiveCfg = Debug|x86
		{5C3DD5A5-3EA8-493F-8170-B0B91EAE93A7}.Debug|x86.Build.0 = Debug|x86
		{5C3DD5A5-3EA8-493F-8170-B0B91EAE93A7}.Debug|x86.Deploy.0 = Debug|x86
		{5C3DD5A5-3EA8-493F-8170-B0B91EAE93A7}.Release|Any CPU.ActiveCfg = Release|x64
		{5C3DD5A5-3EA8-493F-8170-B0B91EAE93A7}.Release|Any CPU.Build.0 = Release|x64
		{5C3DD5A5-3EA8-493F-8170-B0B91EAE93A7}.Release|Any CPU.Deploy.0 = Release|x64
		{5C3DD5A5-3EA8-493F-8170-B0B91EAE93A7}.Release|ARM.ActiveCfg = Release|ARM
		{5C3DD5A5-3EA8-493F-8170-B0B91EAE93A7}.Release|ARM.Build.0 = Release|ARM
		{5C3DD5A5-3EA8-493F-8170-B0B91EAE93A7}.Release|ARM.Deploy.0 = Release|ARM
		{5C3DD5A5-3EA8-493F-8170-B0B91EAE93A7}.Release|ARM64.ActiveCfg = Release|ARM64
		{5C3DD5A5-3EA8-493F-8170-B0B91EAE93A7}.Release|ARM64.Build.0 = Release|ARM64
		{5C3DD5A5-3EA8-493F-8170-B0B91EAE93A7}.Release|ARM64.Deploy.0 = Release|ARM64
		{5C3DD5A5-3EA8-493F-8170-B0B91EAE93A7}.Release|x64.ActiveCfg = Release|x64
		{5C3DD5A5-3EA8-493F-8170-B0B91EAE93A7}.Release|x64.Build.0 = Release|x64
		{5C3DD5A5-3EA8-493F-8170-B0B91EAE93A7}.Release|x64.Deploy.0 = Release|x64
		{5C3DD5A5-3EA8-493F-8170-B0B91EAE93A7}.Release|x86.ActiveCfg = Release|x86
		{5C3DD5A5-3EA8-493F-8170-B0B91EAE93A7}.Release|x86.Build.0 = Release|x86
		{5C3DD5A5-3EA8-493F-8170-B0B91EAE93A7}.Release|x86.Deploy.0 = Release|x86
		{8A57A875-EB98-4833-834F-EF56F939B930}.Debug|Any CPU.ActiveCfg = Debug|Any CPU
		{8A57A875-EB98-4833-834F-EF56F939B930}.Debug|Any CPU.Build.0 = Debug|Any CPU
		{8A57A875-EB98-4833-834F-EF56F939B930}.Debug|ARM.ActiveCfg = Debug|ARM
		{8A57A875-EB98-4833-834F-EF56F939B930}.Debug|ARM.Build.0 = Debug|ARM
		{8A57A875-EB98-4833-834F-EF56F939B930}.Debug|ARM64.ActiveCfg = Debug|ARM64
		{8A57A875-EB98-4833-834F-EF56F939B930}.Debug|ARM64.Build.0 = Debug|ARM64
		{8A57A875-EB98-4833-834F-EF56F939B930}.Debug|x64.ActiveCfg = Debug|x64
		{8A57A875-EB98-4833-834F-EF56F939B930}.Debug|x64.Build.0 = Debug|x64
		{8A57A875-EB98-4833-834F-EF56F939B930}.Debug|x86.ActiveCfg = Debug|x86
		{8A57A875-EB98-4833-834F-EF56F939B930}.Debug|x86.Build.0 = Debug|x86
		{8A57A875-EB98-4833-834F-EF56F939B930}.Release|Any CPU.ActiveCfg = Release|Any CPU
		{8A57A875-EB98-4833-834F-EF56F939B930}.Release|Any CPU.Build.0 = Release|Any CPU
		{8A57A875-EB98-4833-834F-EF56F939B930}.Release|ARM.ActiveCfg = Release|ARM
		{8A57A875-EB98-4833-834F-EF56F939B930}.Release|ARM.Build.0 = Release|ARM
		{8A57A875-EB98-4833-834F-EF56F939B930}.Release|ARM64.ActiveCfg = Release|ARM64
		{8A57A875-EB98-4833-834F-EF56F939B930}.Release|ARM64.Build.0 = Release|ARM64
		{8A57A875-EB98-4833-834F-EF56F939B930}.Release|x64.ActiveCfg = Release|x64
		{8A57A875-EB98-4833-834F-EF56F939B930}.Release|x64.Build.0 = Release|x64
		{8A57A875-EB98-4833-834F-EF56F939B930}.Release|x86.ActiveCfg = Release|x86
		{8A57A875-EB98-4833-834F-EF56F939B930}.Release|x86.Build.0 = Release|x86
		{CEB0EF2E-5997-49E1-8B92-44C951A12235}.Debug|Any CPU.ActiveCfg = Debug|Any CPU
		{CEB0EF2E-5997-49E1-8B92-44C951A12235}.Debug|Any CPU.Build.0 = Debug|Any CPU
		{CEB0EF2E-5997-49E1-8B92-44C951A12235}.Debug|ARM.ActiveCfg = Debug|ARM
		{CEB0EF2E-5997-49E1-8B92-44C951A12235}.Debug|ARM.Build.0 = Debug|ARM
		{CEB0EF2E-5997-49E1-8B92-44C951A12235}.Debug|ARM64.ActiveCfg = Debug|ARM64
		{CEB0EF2E-5997-49E1-8B92-44C951A12235}.Debug|ARM64.Build.0 = Debug|ARM64
		{CEB0EF2E-5997-49E1-8B92-44C951A12235}.Debug|x64.ActiveCfg = Debug|x64
		{CEB0EF2E-5997-49E1-8B92-44C951A12235}.Debug|x64.Build.0 = Debug|x64
		{CEB0EF2E-5997-49E1-8B92-44C951A12235}.Debug|x86.ActiveCfg = Debug|x86
		{CEB0EF2E-5997-49E1-8B92-44C951A12235}.Debug|x86.Build.0 = Debug|x86
		{CEB0EF2E-5997-49E1-8B92-44C951A12235}.Release|Any CPU.ActiveCfg = Release|Any CPU
		{CEB0EF2E-5997-49E1-8B92-44C951A12235}.Release|Any CPU.Build.0 = Release|Any CPU
		{CEB0EF2E-5997-49E1-8B92-44C951A12235}.Release|ARM.ActiveCfg = Release|ARM
		{CEB0EF2E-5997-49E1-8B92-44C951A12235}.Release|ARM.Build.0 = Release|ARM
		{CEB0EF2E-5997-49E1-8B92-44C951A12235}.Release|ARM64.ActiveCfg = Release|ARM64
		{CEB0EF2E-5997-49E1-8B92-44C951A12235}.Release|ARM64.Build.0 = Release|ARM64
		{CEB0EF2E-5997-49E1-8B92-44C951A12235}.Release|x64.ActiveCfg = Release|x64
		{CEB0EF2E-5997-49E1-8B92-44C951A12235}.Release|x64.Build.0 = Release|x64
		{CEB0EF2E-5997-49E1-8B92-44C951A12235}.Release|x86.ActiveCfg = Release|x86
		{CEB0EF2E-5997-49E1-8B92-44C951A12235}.Release|x86.Build.0 = Release|x86
		{101F7477-9128-4632-8826-7853985AD25A}.Debug|Any CPU.ActiveCfg = Debug|Any CPU
		{101F7477-9128-4632-8826-7853985AD25A}.Debug|Any CPU.Build.0 = Debug|Any CPU
		{101F7477-9128-4632-8826-7853985AD25A}.Debug|ARM.ActiveCfg = Debug|ARM
		{101F7477-9128-4632-8826-7853985AD25A}.Debug|ARM.Build.0 = Debug|ARM
		{101F7477-9128-4632-8826-7853985AD25A}.Debug|ARM64.ActiveCfg = Debug|ARM64
		{101F7477-9128-4632-8826-7853985AD25A}.Debug|ARM64.Build.0 = Debug|ARM64
		{101F7477-9128-4632-8826-7853985AD25A}.Debug|x64.ActiveCfg = Debug|x64
		{101F7477-9128-4632-8826-7853985AD25A}.Debug|x64.Build.0 = Debug|x64
		{101F7477-9128-4632-8826-7853985AD25A}.Debug|x86.ActiveCfg = Debug|x86
		{101F7477-9128-4632-8826-7853985AD25A}.Debug|x86.Build.0 = Debug|x86
		{101F7477-9128-4632-8826-7853985AD25A}.Release|Any CPU.ActiveCfg = Release|Any CPU
		{101F7477-9128-4632-8826-7853985AD25A}.Release|Any CPU.Build.0 = Release|Any CPU
		{101F7477-9128-4632-8826-7853985AD25A}.Release|ARM.ActiveCfg = Release|ARM
		{101F7477-9128-4632-8826-7853985AD25A}.Release|ARM.Build.0 = Release|ARM
		{101F7477-9128-4632-8826-7853985AD25A}.Release|ARM64.ActiveCfg = Release|ARM64
		{101F7477-9128-4632-8826-7853985AD25A}.Release|ARM64.Build.0 = Release|ARM64
		{101F7477-9128-4632-8826-7853985AD25A}.Release|x64.ActiveCfg = Release|x64
		{101F7477-9128-4632-8826-7853985AD25A}.Release|x64.Build.0 = Release|x64
		{101F7477-9128-4632-8826-7853985AD25A}.Release|x86.ActiveCfg = Release|x86
		{101F7477-9128-4632-8826-7853985AD25A}.Release|x86.Build.0 = Release|x86
		{D919ED66-801C-404C-8AFA-7B17251DB22F}.Debug|Any CPU.ActiveCfg = Debug|Any CPU
		{D919ED66-801C-404C-8AFA-7B17251DB22F}.Debug|Any CPU.Build.0 = Debug|Any CPU
		{D919ED66-801C-404C-8AFA-7B17251DB22F}.Debug|ARM.ActiveCfg = Debug|ARM
		{D919ED66-801C-404C-8AFA-7B17251DB22F}.Debug|ARM.Build.0 = Debug|ARM
		{D919ED66-801C-404C-8AFA-7B17251DB22F}.Debug|ARM64.ActiveCfg = Debug|ARM64
		{D919ED66-801C-404C-8AFA-7B17251DB22F}.Debug|ARM64.Build.0 = Debug|ARM64
		{D919ED66-801C-404C-8AFA-7B17251DB22F}.Debug|x64.ActiveCfg = Debug|x64
		{D919ED66-801C-404C-8AFA-7B17251DB22F}.Debug|x64.Build.0 = Debug|x64
		{D919ED66-801C-404C-8AFA-7B17251DB22F}.Debug|x86.ActiveCfg = Debug|x86
		{D919ED66-801C-404C-8AFA-7B17251DB22F}.Debug|x86.Build.0 = Debug|x86
		{D919ED66-801C-404C-8AFA-7B17251DB22F}.Release|Any CPU.ActiveCfg = Release|Any CPU
		{D919ED66-801C-404C-8AFA-7B17251DB22F}.Release|Any CPU.Build.0 = Release|Any CPU
		{D919ED66-801C-404C-8AFA-7B17251DB22F}.Release|ARM.ActiveCfg = Release|ARM
		{D919ED66-801C-404C-8AFA-7B17251DB22F}.Release|ARM.Build.0 = Release|ARM
		{D919ED66-801C-404C-8AFA-7B17251DB22F}.Release|ARM64.ActiveCfg = Release|ARM64
		{D919ED66-801C-404C-8AFA-7B17251DB22F}.Release|ARM64.Build.0 = Release|ARM64
		{D919ED66-801C-404C-8AFA-7B17251DB22F}.Release|x64.ActiveCfg = Release|x64
		{D919ED66-801C-404C-8AFA-7B17251DB22F}.Release|x64.Build.0 = Release|x64
		{D919ED66-801C-404C-8AFA-7B17251DB22F}.Release|x86.ActiveCfg = Release|x86
		{D919ED66-801C-404C-8AFA-7B17251DB22F}.Release|x86.Build.0 = Release|x86
		{BD440DED-350B-4346-947F-FF6758E668A9}.Debug|Any CPU.ActiveCfg = Debug|Any CPU
		{BD440DED-350B-4346-947F-FF6758E668A9}.Debug|Any CPU.Build.0 = Debug|Any CPU
		{BD440DED-350B-4346-947F-FF6758E668A9}.Debug|ARM.ActiveCfg = Debug|ARM
		{BD440DED-350B-4346-947F-FF6758E668A9}.Debug|ARM.Build.0 = Debug|ARM
		{BD440DED-350B-4346-947F-FF6758E668A9}.Debug|ARM64.ActiveCfg = Debug|ARM64
		{BD440DED-350B-4346-947F-FF6758E668A9}.Debug|ARM64.Build.0 = Debug|ARM64
		{BD440DED-350B-4346-947F-FF6758E668A9}.Debug|x64.ActiveCfg = Debug|x64
		{BD440DED-350B-4346-947F-FF6758E668A9}.Debug|x64.Build.0 = Debug|x64
		{BD440DED-350B-4346-947F-FF6758E668A9}.Debug|x86.ActiveCfg = Debug|x86
		{BD440DED-350B-4346-947F-FF6758E668A9}.Debug|x86.Build.0 = Debug|x86
		{BD440DED-350B-4346-947F-FF6758E668A9}.Release|Any CPU.ActiveCfg = Release|Any CPU
		{BD440DED-350B-4346-947F-FF6758E668A9}.Release|Any CPU.Build.0 = Release|Any CPU
		{BD440DED-350B-4346-947F-FF6758E668A9}.Release|ARM.ActiveCfg = Release|ARM
		{BD440DED-350B-4346-947F-FF6758E668A9}.Release|ARM.Build.0 = Release|ARM
		{BD440DED-350B-4346-947F-FF6758E668A9}.Release|ARM64.ActiveCfg = Release|ARM64
		{BD440DED-350B-4346-947F-FF6758E668A9}.Release|ARM64.Build.0 = Release|ARM64
		{BD440DED-350B-4346-947F-FF6758E668A9}.Release|x64.ActiveCfg = Release|x64
		{BD440DED-350B-4346-947F-FF6758E668A9}.Release|x64.Build.0 = Release|x64
		{BD440DED-350B-4346-947F-FF6758E668A9}.Release|x86.ActiveCfg = Release|x86
		{BD440DED-350B-4346-947F-FF6758E668A9}.Release|x86.Build.0 = Release|x86
		{49B62D40-064E-48E5-B547-A5AD1926F412}.Debug|Any CPU.ActiveCfg = Debug|Any CPU
		{49B62D40-064E-48E5-B547-A5AD1926F412}.Debug|Any CPU.Build.0 = Debug|Any CPU
		{49B62D40-064E-48E5-B547-A5AD1926F412}.Debug|ARM.ActiveCfg = Debug|ARM
		{49B62D40-064E-48E5-B547-A5AD1926F412}.Debug|ARM.Build.0 = Debug|ARM
		{49B62D40-064E-48E5-B547-A5AD1926F412}.Debug|ARM64.ActiveCfg = Debug|ARM64
		{49B62D40-064E-48E5-B547-A5AD1926F412}.Debug|ARM64.Build.0 = Debug|ARM64
		{49B62D40-064E-48E5-B547-A5AD1926F412}.Debug|x64.ActiveCfg = Debug|x64
		{49B62D40-064E-48E5-B547-A5AD1926F412}.Debug|x64.Build.0 = Debug|x64
		{49B62D40-064E-48E5-B547-A5AD1926F412}.Debug|x86.ActiveCfg = Debug|x86
		{49B62D40-064E-48E5-B547-A5AD1926F412}.Debug|x86.Build.0 = Debug|x86
		{49B62D40-064E-48E5-B547-A5AD1926F412}.Release|Any CPU.ActiveCfg = Release|Any CPU
		{49B62D40-064E-48E5-B547-A5AD1926F412}.Release|Any CPU.Build.0 = Release|Any CPU
		{49B62D40-064E-48E5-B547-A5AD1926F412}.Release|ARM.ActiveCfg = Release|ARM
		{49B62D40-064E-48E5-B547-A5AD1926F412}.Release|ARM.Build.0 = Release|ARM
		{49B62D40-064E-48E5-B547-A5AD1926F412}.Release|ARM64.ActiveCfg = Release|ARM64
		{49B62D40-064E-48E5-B547-A5AD1926F412}.Release|ARM64.Build.0 = Release|ARM64
		{49B62D40-064E-48E5-B547-A5AD1926F412}.Release|x64.ActiveCfg = Release|x64
		{49B62D40-064E-48E5-B547-A5AD1926F412}.Release|x64.Build.0 = Release|x64
		{49B62D40-064E-48E5-B547-A5AD1926F412}.Release|x86.ActiveCfg = Release|x86
		{49B62D40-064E-48E5-B547-A5AD1926F412}.Release|x86.Build.0 = Release|x86
		{A26CFB16-D7C3-4FB3-9671-F9017B2C54DA}.Debug|Any CPU.ActiveCfg = Debug|Any CPU
		{A26CFB16-D7C3-4FB3-9671-F9017B2C54DA}.Debug|Any CPU.Build.0 = Debug|Any CPU
		{A26CFB16-D7C3-4FB3-9671-F9017B2C54DA}.Debug|ARM.ActiveCfg = Debug|ARM
		{A26CFB16-D7C3-4FB3-9671-F9017B2C54DA}.Debug|ARM.Build.0 = Debug|ARM
		{A26CFB16-D7C3-4FB3-9671-F9017B2C54DA}.Debug|ARM64.ActiveCfg = Debug|ARM64
		{A26CFB16-D7C3-4FB3-9671-F9017B2C54DA}.Debug|ARM64.Build.0 = Debug|ARM64
		{A26CFB16-D7C3-4FB3-9671-F9017B2C54DA}.Debug|x64.ActiveCfg = Debug|x64
		{A26CFB16-D7C3-4FB3-9671-F9017B2C54DA}.Debug|x64.Build.0 = Debug|x64
		{A26CFB16-D7C3-4FB3-9671-F9017B2C54DA}.Debug|x86.ActiveCfg = Debug|x86
		{A26CFB16-D7C3-4FB3-9671-F9017B2C54DA}.Debug|x86.Build.0 = Debug|x86
		{A26CFB16-D7C3-4FB3-9671-F9017B2C54DA}.Release|Any CPU.ActiveCfg = Release|Any CPU
		{A26CFB16-D7C3-4FB3-9671-F9017B2C54DA}.Release|Any CPU.Build.0 = Release|Any CPU
		{A26CFB16-D7C3-4FB3-9671-F9017B2C54DA}.Release|ARM.ActiveCfg = Release|ARM
		{A26CFB16-D7C3-4FB3-9671-F9017B2C54DA}.Release|ARM.Build.0 = Release|ARM
		{A26CFB16-D7C3-4FB3-9671-F9017B2C54DA}.Release|ARM64.ActiveCfg = Release|ARM64
		{A26CFB16-D7C3-4FB3-9671-F9017B2C54DA}.Release|ARM64.Build.0 = Release|ARM64
		{A26CFB16-D7C3-4FB3-9671-F9017B2C54DA}.Release|x64.ActiveCfg = Release|x64
		{A26CFB16-D7C3-4FB3-9671-F9017B2C54DA}.Release|x64.Build.0 = Release|x64
		{A26CFB16-D7C3-4FB3-9671-F9017B2C54DA}.Release|x86.ActiveCfg = Release|x86
		{A26CFB16-D7C3-4FB3-9671-F9017B2C54DA}.Release|x86.Build.0 = Release|x86
		{0E2BCF5B-B86E-46E9-9860-98009E549D0A}.Debug|Any CPU.ActiveCfg = Debug|Any CPU
		{0E2BCF5B-B86E-46E9-9860-98009E549D0A}.Debug|Any CPU.Build.0 = Debug|Any CPU
		{0E2BCF5B-B86E-46E9-9860-98009E549D0A}.Debug|ARM.ActiveCfg = Debug|ARM
		{0E2BCF5B-B86E-46E9-9860-98009E549D0A}.Debug|ARM.Build.0 = Debug|ARM
		{0E2BCF5B-B86E-46E9-9860-98009E549D0A}.Debug|ARM64.ActiveCfg = Debug|ARM64
		{0E2BCF5B-B86E-46E9-9860-98009E549D0A}.Debug|ARM64.Build.0 = Debug|ARM64
		{0E2BCF5B-B86E-46E9-9860-98009E549D0A}.Debug|x64.ActiveCfg = Debug|x64
		{0E2BCF5B-B86E-46E9-9860-98009E549D0A}.Debug|x64.Build.0 = Debug|x64
		{0E2BCF5B-B86E-46E9-9860-98009E549D0A}.Debug|x86.ActiveCfg = Debug|x86
		{0E2BCF5B-B86E-46E9-9860-98009E549D0A}.Debug|x86.Build.0 = Debug|x86
		{0E2BCF5B-B86E-46E9-9860-98009E549D0A}.Release|Any CPU.ActiveCfg = Release|Any CPU
		{0E2BCF5B-B86E-46E9-9860-98009E549D0A}.Release|Any CPU.Build.0 = Release|Any CPU
		{0E2BCF5B-B86E-46E9-9860-98009E549D0A}.Release|ARM.ActiveCfg = Release|ARM
		{0E2BCF5B-B86E-46E9-9860-98009E549D0A}.Release|ARM.Build.0 = Release|ARM
		{0E2BCF5B-B86E-46E9-9860-98009E549D0A}.Release|ARM64.ActiveCfg = Release|ARM64
		{0E2BCF5B-B86E-46E9-9860-98009E549D0A}.Release|ARM64.Build.0 = Release|ARM64
		{0E2BCF5B-B86E-46E9-9860-98009E549D0A}.Release|x64.ActiveCfg = Release|x64
		{0E2BCF5B-B86E-46E9-9860-98009E549D0A}.Release|x64.Build.0 = Release|x64
		{0E2BCF5B-B86E-46E9-9860-98009E549D0A}.Release|x86.ActiveCfg = Release|x86
		{0E2BCF5B-B86E-46E9-9860-98009E549D0A}.Release|x86.Build.0 = Release|x86
		{B2885691-739C-41F5-A678-20EC5576C300}.Debug|Any CPU.ActiveCfg = Debug|Any CPU
		{B2885691-739C-41F5-A678-20EC5576C300}.Debug|Any CPU.Build.0 = Debug|Any CPU
		{B2885691-739C-41F5-A678-20EC5576C300}.Debug|ARM.ActiveCfg = Debug|ARM
		{B2885691-739C-41F5-A678-20EC5576C300}.Debug|ARM.Build.0 = Debug|ARM
		{B2885691-739C-41F5-A678-20EC5576C300}.Debug|ARM64.ActiveCfg = Debug|ARM64
		{B2885691-739C-41F5-A678-20EC5576C300}.Debug|ARM64.Build.0 = Debug|ARM64
		{B2885691-739C-41F5-A678-20EC5576C300}.Debug|x64.ActiveCfg = Debug|x64
		{B2885691-739C-41F5-A678-20EC5576C300}.Debug|x64.Build.0 = Debug|x64
		{B2885691-739C-41F5-A678-20EC5576C300}.Debug|x86.ActiveCfg = Debug|x86
		{B2885691-739C-41F5-A678-20EC5576C300}.Debug|x86.Build.0 = Debug|x86
		{B2885691-739C-41F5-A678-20EC5576C300}.Release|Any CPU.ActiveCfg = Release|Any CPU
		{B2885691-739C-41F5-A678-20EC5576C300}.Release|Any CPU.Build.0 = Release|Any CPU
		{B2885691-739C-41F5-A678-20EC5576C300}.Release|ARM.ActiveCfg = Release|ARM
		{B2885691-739C-41F5-A678-20EC5576C300}.Release|ARM.Build.0 = Release|ARM
		{B2885691-739C-41F5-A678-20EC5576C300}.Release|ARM64.ActiveCfg = Release|ARM64
		{B2885691-739C-41F5-A678-20EC5576C300}.Release|ARM64.Build.0 = Release|ARM64
		{B2885691-739C-41F5-A678-20EC5576C300}.Release|x64.ActiveCfg = Release|x64
		{B2885691-739C-41F5-A678-20EC5576C300}.Release|x64.Build.0 = Release|x64
		{B2885691-739C-41F5-A678-20EC5576C300}.Release|x86.ActiveCfg = Release|x86
		{B2885691-739C-41F5-A678-20EC5576C300}.Release|x86.Build.0 = Release|x86
		{073CDF95-0F48-474B-8A77-F8BD172125E6}.Debug|Any CPU.ActiveCfg = Debug|Any CPU
		{073CDF95-0F48-474B-8A77-F8BD172125E6}.Debug|Any CPU.Build.0 = Debug|Any CPU
		{073CDF95-0F48-474B-8A77-F8BD172125E6}.Debug|ARM.ActiveCfg = Debug|ARM
		{073CDF95-0F48-474B-8A77-F8BD172125E6}.Debug|ARM.Build.0 = Debug|ARM
		{073CDF95-0F48-474B-8A77-F8BD172125E6}.Debug|ARM64.ActiveCfg = Debug|ARM64
		{073CDF95-0F48-474B-8A77-F8BD172125E6}.Debug|ARM64.Build.0 = Debug|ARM64
		{073CDF95-0F48-474B-8A77-F8BD172125E6}.Debug|x64.ActiveCfg = Debug|x64
		{073CDF95-0F48-474B-8A77-F8BD172125E6}.Debug|x64.Build.0 = Debug|x64
		{073CDF95-0F48-474B-8A77-F8BD172125E6}.Debug|x86.ActiveCfg = Debug|x86
		{073CDF95-0F48-474B-8A77-F8BD172125E6}.Debug|x86.Build.0 = Debug|x86
		{073CDF95-0F48-474B-8A77-F8BD172125E6}.Release|Any CPU.ActiveCfg = Release|Any CPU
		{073CDF95-0F48-474B-8A77-F8BD172125E6}.Release|Any CPU.Build.0 = Release|Any CPU
		{073CDF95-0F48-474B-8A77-F8BD172125E6}.Release|ARM.ActiveCfg = Release|ARM
		{073CDF95-0F48-474B-8A77-F8BD172125E6}.Release|ARM.Build.0 = Release|ARM
		{073CDF95-0F48-474B-8A77-F8BD172125E6}.Release|ARM64.ActiveCfg = Release|ARM64
		{073CDF95-0F48-474B-8A77-F8BD172125E6}.Release|ARM64.Build.0 = Release|ARM64
		{073CDF95-0F48-474B-8A77-F8BD172125E6}.Release|x64.ActiveCfg = Release|x64
		{073CDF95-0F48-474B-8A77-F8BD172125E6}.Release|x64.Build.0 = Release|x64
		{073CDF95-0F48-474B-8A77-F8BD172125E6}.Release|x86.ActiveCfg = Release|x86
		{073CDF95-0F48-474B-8A77-F8BD172125E6}.Release|x86.Build.0 = Release|x86
		{366C8BC7-B3EC-4FF0-AB4A-22A02D415DFB}.Debug|Any CPU.ActiveCfg = Debug|Any CPU
		{366C8BC7-B3EC-4FF0-AB4A-22A02D415DFB}.Debug|Any CPU.Build.0 = Debug|Any CPU
		{366C8BC7-B3EC-4FF0-AB4A-22A02D415DFB}.Debug|ARM.ActiveCfg = Debug|ARM
		{366C8BC7-B3EC-4FF0-AB4A-22A02D415DFB}.Debug|ARM.Build.0 = Debug|ARM
		{366C8BC7-B3EC-4FF0-AB4A-22A02D415DFB}.Debug|ARM64.ActiveCfg = Debug|ARM64
		{366C8BC7-B3EC-4FF0-AB4A-22A02D415DFB}.Debug|ARM64.Build.0 = Debug|ARM64
		{366C8BC7-B3EC-4FF0-AB4A-22A02D415DFB}.Debug|x64.ActiveCfg = Debug|x64
		{366C8BC7-B3EC-4FF0-AB4A-22A02D415DFB}.Debug|x64.Build.0 = Debug|x64
		{366C8BC7-B3EC-4FF0-AB4A-22A02D415DFB}.Debug|x86.ActiveCfg = Debug|x86
		{366C8BC7-B3EC-4FF0-AB4A-22A02D415DFB}.Debug|x86.Build.0 = Debug|x86
		{366C8BC7-B3EC-4FF0-AB4A-22A02D415DFB}.Release|Any CPU.ActiveCfg = Release|Any CPU
		{366C8BC7-B3EC-4FF0-AB4A-22A02D415DFB}.Release|Any CPU.Build.0 = Release|Any CPU
		{366C8BC7-B3EC-4FF0-AB4A-22A02D415DFB}.Release|ARM.ActiveCfg = Release|ARM
		{366C8BC7-B3EC-4FF0-AB4A-22A02D415DFB}.Release|ARM.Build.0 = Release|ARM
		{366C8BC7-B3EC-4FF0-AB4A-22A02D415DFB}.Release|ARM64.ActiveCfg = Release|ARM64
		{366C8BC7-B3EC-4FF0-AB4A-22A02D415DFB}.Release|ARM64.Build.0 = Release|ARM64
		{366C8BC7-B3EC-4FF0-AB4A-22A02D415DFB}.Release|x64.ActiveCfg = Release|x64
		{366C8BC7-B3EC-4FF0-AB4A-22A02D415DFB}.Release|x64.Build.0 = Release|x64
		{366C8BC7-B3EC-4FF0-AB4A-22A02D415DFB}.Release|x86.ActiveCfg = Release|x86
		{366C8BC7-B3EC-4FF0-AB4A-22A02D415DFB}.Release|x86.Build.0 = Release|x86
		{A3A484FE-C519-41CF-8F3A-DF40159CDF88}.Debug|Any CPU.ActiveCfg = Debug|Any CPU
		{A3A484FE-C519-41CF-8F3A-DF40159CDF88}.Debug|Any CPU.Build.0 = Debug|Any CPU
		{A3A484FE-C519-41CF-8F3A-DF40159CDF88}.Debug|ARM.ActiveCfg = Debug|ARM
		{A3A484FE-C519-41CF-8F3A-DF40159CDF88}.Debug|ARM.Build.0 = Debug|ARM
		{A3A484FE-C519-41CF-8F3A-DF40159CDF88}.Debug|ARM64.ActiveCfg = Debug|ARM64
		{A3A484FE-C519-41CF-8F3A-DF40159CDF88}.Debug|ARM64.Build.0 = Debug|ARM64
		{A3A484FE-C519-41CF-8F3A-DF40159CDF88}.Debug|x64.ActiveCfg = Debug|x64
		{A3A484FE-C519-41CF-8F3A-DF40159CDF88}.Debug|x64.Build.0 = Debug|x64
		{A3A484FE-C519-41CF-8F3A-DF40159CDF88}.Debug|x86.ActiveCfg = Debug|x86
		{A3A484FE-C519-41CF-8F3A-DF40159CDF88}.Debug|x86.Build.0 = Debug|x86
		{A3A484FE-C519-41CF-8F3A-DF40159CDF88}.Release|Any CPU.ActiveCfg = Release|Any CPU
		{A3A484FE-C519-41CF-8F3A-DF40159CDF88}.Release|Any CPU.Build.0 = Release|Any CPU
		{A3A484FE-C519-41CF-8F3A-DF40159CDF88}.Release|ARM.ActiveCfg = Release|ARM
		{A3A484FE-C519-41CF-8F3A-DF40159CDF88}.Release|ARM.Build.0 = Release|ARM
		{A3A484FE-C519-41CF-8F3A-DF40159CDF88}.Release|ARM64.ActiveCfg = Release|ARM64
		{A3A484FE-C519-41CF-8F3A-DF40159CDF88}.Release|ARM64.Build.0 = Release|ARM64
		{A3A484FE-C519-41CF-8F3A-DF40159CDF88}.Release|x64.ActiveCfg = Release|x64
		{A3A484FE-C519-41CF-8F3A-DF40159CDF88}.Release|x64.Build.0 = Release|x64
		{A3A484FE-C519-41CF-8F3A-DF40159CDF88}.Release|x86.ActiveCfg = Release|x86
		{A3A484FE-C519-41CF-8F3A-DF40159CDF88}.Release|x86.Build.0 = Release|x86
		{D08445AE-1187-4BC0-9A17-278C78A6DA25}.Debug|Any CPU.ActiveCfg = Debug|Any CPU
		{D08445AE-1187-4BC0-9A17-278C78A6DA25}.Debug|Any CPU.Build.0 = Debug|Any CPU
		{D08445AE-1187-4BC0-9A17-278C78A6DA25}.Debug|ARM.ActiveCfg = Debug|ARM
		{D08445AE-1187-4BC0-9A17-278C78A6DA25}.Debug|ARM.Build.0 = Debug|ARM
		{D08445AE-1187-4BC0-9A17-278C78A6DA25}.Debug|ARM64.ActiveCfg = Debug|ARM64
		{D08445AE-1187-4BC0-9A17-278C78A6DA25}.Debug|ARM64.Build.0 = Debug|ARM64
		{D08445AE-1187-4BC0-9A17-278C78A6DA25}.Debug|x64.ActiveCfg = Debug|x64
		{D08445AE-1187-4BC0-9A17-278C78A6DA25}.Debug|x64.Build.0 = Debug|x64
		{D08445AE-1187-4BC0-9A17-278C78A6DA25}.Debug|x86.ActiveCfg = Debug|x86
		{D08445AE-1187-4BC0-9A17-278C78A6DA25}.Debug|x86.Build.0 = Debug|x86
		{D08445AE-1187-4BC0-9A17-278C78A6DA25}.Release|Any CPU.ActiveCfg = Release|Any CPU
		{D08445AE-1187-4BC0-9A17-278C78A6DA25}.Release|Any CPU.Build.0 = Release|Any CPU
		{D08445AE-1187-4BC0-9A17-278C78A6DA25}.Release|ARM.ActiveCfg = Release|ARM
		{D08445AE-1187-4BC0-9A17-278C78A6DA25}.Release|ARM.Build.0 = Release|ARM
		{D08445AE-1187-4BC0-9A17-278C78A6DA25}.Release|ARM64.ActiveCfg = Release|ARM64
		{D08445AE-1187-4BC0-9A17-278C78A6DA25}.Release|ARM64.Build.0 = Release|ARM64
		{D08445AE-1187-4BC0-9A17-278C78A6DA25}.Release|x64.ActiveCfg = Release|x64
		{D08445AE-1187-4BC0-9A17-278C78A6DA25}.Release|x64.Build.0 = Release|x64
		{D08445AE-1187-4BC0-9A17-278C78A6DA25}.Release|x86.ActiveCfg = Release|x86
		{D08445AE-1187-4BC0-9A17-278C78A6DA25}.Release|x86.Build.0 = Release|x86
		{1F967166-E134-4CDC-B917-57FF5B26175D}.Debug|Any CPU.ActiveCfg = Debug|Any CPU
		{1F967166-E134-4CDC-B917-57FF5B26175D}.Debug|Any CPU.Build.0 = Debug|Any CPU
		{1F967166-E134-4CDC-B917-57FF5B26175D}.Debug|ARM.ActiveCfg = Debug|ARM
		{1F967166-E134-4CDC-B917-57FF5B26175D}.Debug|ARM.Build.0 = Debug|ARM
		{1F967166-E134-4CDC-B917-57FF5B26175D}.Debug|ARM64.ActiveCfg = Debug|ARM64
		{1F967166-E134-4CDC-B917-57FF5B26175D}.Debug|ARM64.Build.0 = Debug|ARM64
		{1F967166-E134-4CDC-B917-57FF5B26175D}.Debug|x64.ActiveCfg = Debug|x64
		{1F967166-E134-4CDC-B917-57FF5B26175D}.Debug|x64.Build.0 = Debug|x64
		{1F967166-E134-4CDC-B917-57FF5B26175D}.Debug|x86.ActiveCfg = Debug|x86
		{1F967166-E134-4CDC-B917-57FF5B26175D}.Debug|x86.Build.0 = Debug|x86
		{1F967166-E134-4CDC-B917-57FF5B26175D}.Release|Any CPU.ActiveCfg = Release|Any CPU
		{1F967166-E134-4CDC-B917-57FF5B26175D}.Release|Any CPU.Build.0 = Release|Any CPU
		{1F967166-E134-4CDC-B917-57FF5B26175D}.Release|ARM.ActiveCfg = Release|ARM
		{1F967166-E134-4CDC-B917-57FF5B26175D}.Release|ARM.Build.0 = Release|ARM
		{1F967166-E134-4CDC-B917-57FF5B26175D}.Release|ARM64.ActiveCfg = Release|ARM64
		{1F967166-E134-4CDC-B917-57FF5B26175D}.Release|ARM64.Build.0 = Release|ARM64
		{1F967166-E134-4CDC-B917-57FF5B26175D}.Release|x64.ActiveCfg = Release|x64
		{1F967166-E134-4CDC-B917-57FF5B26175D}.Release|x64.Build.0 = Release|x64
		{1F967166-E134-4CDC-B917-57FF5B26175D}.Release|x86.ActiveCfg = Release|x86
		{1F967166-E134-4CDC-B917-57FF5B26175D}.Release|x86.Build.0 = Release|x86
	EndGlobalSection
	GlobalSection(SolutionProperties) = preSolution
		HideSolutionNode = FALSE
	EndGlobalSection
	GlobalSection(ExtensibilityGlobals) = postSolution
		SolutionGuid = {B75CEB3D-E51B-445A-8FDA-92C6475D8199}
	EndGlobalSection
EndGlobal
